
Microsoft Visual Studio Solution File, Format Version 12.00
# Visual Studio Version 16
VisualStudioVersion = 16.0.29613.14
MinimumVisualStudioVersion = 10.0.40219.1
Project("{FAE04EC0-301F-11D3-BF4B-00C04F79EFBC}") = "cosmosdb.sqlapi.pagination", "cosmosdb.sqlapi.pagination.csproj", "{0DE3A90E-8BCF-4EB4-AE2E-4C8B1626C7EF}"
EndProject
Global
	GlobalSection(SolutionConfigurationPlatforms) = preSolution
		Debug|Any CPU = Debug|Any CPU
		Release|Any CPU = Release|Any CPU
	EndGlobalSection
	GlobalSection(ProjectConfigurationPlatforms) = postSolution
		{0DE3A90E-8BCF-4EB4-AE2E-4C8B1626C7EF}.Debug|Any CPU.ActiveCfg = Debug|Any CPU
		{0DE3A90E-8BCF-4EB4-AE2E-4C8B1626C7EF}.Debug|Any CPU.Build.0 = Debug|Any CPU
		{0DE3A90E-8BCF-4EB4-AE2E-4C8B1626C7EF}.Release|Any CPU.ActiveCfg = Release|Any CPU
		{0DE3A90E-8BCF-4EB4-AE2E-4C8B1626C7EF}.Release|Any CPU.Build.0 = Release|Any CPU
	EndGlobalSection
	GlobalSection(SolutionProperties) = preSolution
		HideSolutionNode = FALSE
	EndGlobalSection
	GlobalSection(ExtensibilityGlobals) = postSolution
		SolutionGuid = {E0B422B3-6528-4CE0-BFF6-895D4C6E6C9C}
	EndGlobalSection
EndGlobal
